PODS:
  - CryptoSwift (1.0.0)
  - netfox (1.15.1)
  - PMAlertController (4.0.0)
  - SVProgressHUD (2.2.5)

DEPENDENCIES:
  - CryptoSwift
  - netfox
  - PMAlertController
  - SVProgressHUD

SPEC REPOS:
  https://github.com/cocoapods/specs.git:
    - CryptoSwift
    - netfox
    - PMAlertController
    - SVProgressHUD

SPEC CHECKSUMS:
  CryptoSwift: d81eeaa59dc5a8d03720fe919a6fd07b51f7439f
  netfox: 20fd3e654fc5d67148d8eb8f384514f9559aa8bd
  PMAlertController: 5fad2da8b9eb687134ed50c3462fed12c3afe976
  SVProgressHUD: 1428aafac632c1f86f62aa4243ec12008d7a51d6

PODFILE CHECKSUM: 6cabed0a4ccc32b94cb635e9264f8722f06e5122

COCOAPODS: 1.7.3
